
Microsoft Visual Studio Solution File, Format Version 12.00
# Visual Studio 2012
Project("{FAE04EC0-301F-11D3-BF4B-00C04F79EFBC}") = "Buscaminas", "Buscaminas\Buscaminas.csproj", "{FDA1D92F-2874-496F-9EFB-E0E5A0D0599A}"
EndProject
Project("{2150E333-8FDC-42A3-9474-1A3956D46DE8}") = "Solution Items", "Solution Items", "{78FA046F-76CA-4D93-8405-6ADE45320D2B}"
EndProject
Global
	GlobalSection(SolutionConfigurationPlatforms) = preSolution
		Debug|Any CPU = Debug|Any CPU
		Release|Any CPU = Release|Any CPU
	EndGlobalSection
	GlobalSection(ProjectConfigurationPlatforms) = postSolution
		{FDA1D92F-2874-496F-9EFB-E0E5A0D0599A}.Debug|Any CPU.ActiveCfg = Debug|Any CPU
		{FDA1D92F-2874-496F-9EFB-E0E5A0D0599A}.Debug|Any CPU.Build.0 = Debug|Any CPU
		{FDA1D92F-2874-496F-9EFB-E0E5A0D0599A}.Release|Any CPU.ActiveCfg = Release|Any CPU
		{FDA1D92F-2874-496F-9EFB-E0E5A0D0599A}.Release|Any CPU.Build.0 = Release|Any CPU
	EndGlobalSection
	GlobalSection(SolutionProperties) = preSolution
		HideSolutionNode = FALSE
	EndGlobalSection
EndGlobal
